PODS:
  - CTMediator (25)
  - SFCloudMusicMediatorKit (0.1.0):
    - CTMediator
    - SFCloudMusicMediatorKit/DiscoverKitExtension (= 0.1.0)
    - SFCloudMusicMediatorKit/LoginKitExtension (= 0.1.0)
  - SFCloudMusicMediatorKit/DiscoverKitExtension (0.1.0):
    - CTMediator
  - SFCloudMusicMediatorKit/LoginKitExtension (0.1.0):
    - CTMediator

DEPENDENCIES:
  - SFCloudMusicMediatorKit (from `../`)

SPEC REPOS:
  trunk:
    - CTMediator

EXTERNAL SOURCES:
  SFCloudMusicMediatorKit:
    :path: "../"

SPEC CHECKSUMS:
  CTMediator: 830c1fc204b3a6abf2a059510c7380f56343da0f
  SFCloudMusicMediatorKit: eee40863b8cbba9dff79434637d5d2401a7027e5

PODFILE CHECKSUM: 2227e848150efe845f5a69adc1ab1145c9d001b8

COCOAPODS: 1.8.3
